
Microsoft Visual Studio Solution File, Format Version 12.00
# Visual Studio Version 16
VisualStudioVersion = 16.0.28803.202
MinimumVisualStudioVersion = 10.0.40219.1
Project("{FAE04EC0-301F-11D3-BF4B-00C04F79EFBC}") = "Project.Data", "Project.Data\Project.Data.csproj", "{6FFCE54F-09FD-4882-9114-ED513A7A7F91}"
EndProject
Project("{FAE04EC0-301F-11D3-BF4B-00C04F79EFBC}") = "Project.Domain", "Project.Domain\Project.Domain.csproj", "{3E570E98-8425-4DB1-8B81-5FD2D252924B}"
EndProject
Project("{FAE04EC0-301F-11D3-BF4B-00C04F79EFBC}") = "Project.API", "Project.API\Project.API.csproj", "{764DCF2F-4213-466C-8303-3C39C6508F3D}"
EndProject
Global
	GlobalSection(SolutionConfigurationPlatforms) = preSolution
		Debug|Any CPU = Debug|Any CPU
		Release|Any CPU = Release|Any CPU
	EndGlobalSection
	GlobalSection(ProjectConfigurationPlatforms) = postSolution
		{6FFCE54F-09FD-4882-9114-ED513A7A7F91}.Debug|Any CPU.ActiveCfg = Debug|Any CPU
		{6FFCE54F-09FD-4882-9114-ED513A7A7F91}.Debug|Any CPU.Build.0 = Debug|Any CPU
		{6FFCE54F-09FD-4882-9114-ED513A7A7F91}.Release|Any CPU.ActiveCfg = Release|Any CPU
		{6FFCE54F-09FD-4882-9114-ED513A7A7F91}.Release|Any CPU.Build.0 = Release|Any CPU
		{3E570E98-8425-4DB1-8B81-5FD2D252924B}.Debug|Any CPU.ActiveCfg = Debug|Any CPU
		{3E570E98-8425-4DB1-8B81-5FD2D252924B}.Debug|Any CPU.Build.0 = Debug|Any CPU
		{3E570E98-8425-4DB1-8B81-5FD2D252924B}.Release|Any CPU.ActiveCfg = Release|Any CPU
		{3E570E98-8425-4DB1-8B81-5FD2D252924B}.Release|Any CPU.Build.0 = Release|Any CPU
		{764DCF2F-4213-466C-8303-3C39C6508F3D}.Debug|Any CPU.ActiveCfg = Debug|Any CPU
		{764DCF2F-4213-466C-8303-3C39C6508F3D}.Debug|Any CPU.Build.0 = Debug|Any CPU
		{764DCF2F-4213-466C-8303-3C39C6508F3D}.Release|Any CPU.ActiveCfg = Release|Any CPU
		{764DCF2F-4213-466C-8303-3C39C6508F3D}.Release|Any CPU.Build.0 = Release|Any CPU
	EndGlobalSection
	GlobalSection(SolutionProperties) = preSolution
		HideSolutionNode = FALSE
	EndGlobalSection
	GlobalSection(ExtensibilityGlobals) = postSolution
		SolutionGuid = {8752A843-6A77-43FC-A5E8-623A61EAE586}
	EndGlobalSection
EndGlobal
